
Microsoft Visual Studio Solution File, Format Version 12.00
# Visual Studio Version 17
VisualStudioVersion = 17.4.33213.308
MinimumVisualStudioVersion = 10.0.40219.1
Project("{FAE04EC0-301F-11D3-BF4B-00C04F79EFBC}") = "CQ.ServiceExtension", "CQ.ServiceExtension\CQ.ServiceExtension.csproj", "{0B2E2451-DABF-4AB8-9FF8-C3865719E56F}"
EndProject
Global
	GlobalSection(SolutionConfigurationPlatforms) = preSolution
		Debug|Any CPU = Debug|Any CPU
		Release|Any CPU = Release|Any CPU
	EndGlobalSection
	GlobalSection(ProjectConfigurationPlatforms) = postSolution
		{0B2E2451-DABF-4AB8-9FF8-C3865719E56F}.Debug|Any CPU.ActiveCfg = Debug|Any CPU
		{0B2E2451-DABF-4AB8-9FF8-C3865719E56F}.Debug|Any CPU.Build.0 = Debug|Any CPU
		{0B2E2451-DABF-4AB8-9FF8-C3865719E56F}.Release|Any CPU.ActiveCfg = Release|Any CPU
		{0B2E2451-DABF-4AB8-9FF8-C3865719E56F}.Release|Any CPU.Build.0 = Release|Any CPU
	EndGlobalSection
	GlobalSection(SolutionProperties) = preSolution
		HideSolutionNode = FALSE
	EndGlobalSection
	GlobalSection(ExtensibilityGlobals) = postSolution
		SolutionGuid = {5538850F-A1DE-4AB5-B94C-41BF72CA0725}
	EndGlobalSection
EndGlobal
