
Microsoft Visual Studio Solution File, Format Version 12.00
# Visual Studio Version 17
VisualStudioVersion = 17.4.33213.308
MinimumVisualStudioVersion = 10.0.40219.1
Project("{9A19103F-16F7-4668-BE54-9A1E7A4F7556}") = "CQ.ServiceExtension", "CQ.ServiceExtension\CQ.ServiceExtension.csproj", "{0B2E2451-DABF-4AB8-9FF8-C3865719E56F}"
EndProject
Project("{2150E333-8FDC-42A3-9474-1A3956D46DE8}") = "Solution Items", "Solution Items", "{5F7A943F-7744-4760-BE53-C89E2ADB26AB}"
	ProjectSection(SolutionItems) = preProject
		.github\workflows\pull-request.yml = .github\workflows\pull-request.yml
		.github\workflows\tag.yml = .github\workflows\tag.yml
	EndProjectSection
EndProject
Global
	GlobalSection(SolutionConfigurationPlatforms) = preSolution
		Debug|Any CPU = Debug|Any CPU
		Release|Any CPU = Release|Any CPU
	EndGlobalSection
	GlobalSection(ProjectConfigurationPlatforms) = postSolution
		{0B2E2451-DABF-4AB8-9FF8-C3865719E56F}.Debug|Any CPU.ActiveCfg = Debug|Any CPU
		{0B2E2451-DABF-4AB8-9FF8-C3865719E56F}.Debug|Any CPU.Build.0 = Debug|Any CPU
		{0B2E2451-DABF-4AB8-9FF8-C3865719E56F}.Release|Any CPU.ActiveCfg = Release|Any CPU
		{0B2E2451-DABF-4AB8-9FF8-C3865719E56F}.Release|Any CPU.Build.0 = Release|Any CPU
	EndGlobalSection
	GlobalSection(SolutionProperties) = preSolution
		HideSolutionNode = FALSE
	EndGlobalSection
	GlobalSection(ExtensibilityGlobals) = postSolution
		SolutionGuid = {5538850F-A1DE-4AB5-B94C-41BF72CA0725}
	EndGlobalSection
EndGlobal
