
Microsoft Visual Studio Solution File, Format Version 12.00
# Visual Studio Version 17
VisualStudioVersion = 17.4.33213.308
MinimumVisualStudioVersion = 10.0.40219.1
Project("{2150E333-8FDC-42A3-9474-1A3956D46DE8}") = "Solution Items", "Solution Items", "{5F7A943F-7744-4760-BE53-C89E2ADB26AB}"
	ProjectSection(SolutionItems) = preProject
		Directory.Build.props = Directory.Build.props
		.github\workflows\pull-request.yml = .github\workflows\pull-request.yml
		.github\workflows\tag.yml = .github\workflows\tag.yml
	EndProjectSection
EndProject
Project("{9A19103F-16F7-4668-BE54-9A1E7A4F7556}") = "CQ.Extensions.ServiceCollection", "CQ.Extensions.ServiceCollection\CQ.Extensions.ServiceCollection.csproj", "{EE27E85C-7741-4702-898E-510DF0EABD8A}"
EndProject
Project("{9A19103F-16F7-4668-BE54-9A1E7A4F7556}") = "CQ.Extensions.Configuration", "CQ.Extensions.Configuration\CQ.Extensions.Configuration.csproj", "{831DD662-AD25-4EA3-92FC-2D034E22CFCD}"
EndProject
Project("{9A19103F-16F7-4668-BE54-9A1E7A4F7556}") = "CQ.Extensions.Environments", "CQ.Extensions.Environments\CQ.Extensions.Environments.csproj", "{22135A1B-BAD7-48E1-814B-492F2A685DAB}"
EndProject
Global
	GlobalSection(SolutionConfigurationPlatforms) = preSolution
		Debug|Any CPU = Debug|Any CPU
		Release|Any CPU = Release|Any CPU
	EndGlobalSection
	GlobalSection(ProjectConfigurationPlatforms) = postSolution
		{EE27E85C-7741-4702-898E-510DF0EABD8A}.Debug|Any CPU.ActiveCfg = Debug|Any CPU
		{EE27E85C-7741-4702-898E-510DF0EABD8A}.Debug|Any CPU.Build.0 = Debug|Any CPU
		{EE27E85C-7741-4702-898E-510DF0EABD8A}.Release|Any CPU.ActiveCfg = Release|Any CPU
		{EE27E85C-7741-4702-898E-510DF0EABD8A}.Release|Any CPU.Build.0 = Release|Any CPU
		{831DD662-AD25-4EA3-92FC-2D034E22CFCD}.Debug|Any CPU.ActiveCfg = Debug|Any CPU
		{831DD662-AD25-4EA3-92FC-2D034E22CFCD}.Debug|Any CPU.Build.0 = Debug|Any CPU
		{831DD662-AD25-4EA3-92FC-2D034E22CFCD}.Release|Any CPU.ActiveCfg = Release|Any CPU
		{831DD662-AD25-4EA3-92FC-2D034E22CFCD}.Release|Any CPU.Build.0 = Release|Any CPU
		{22135A1B-BAD7-48E1-814B-492F2A685DAB}.Debug|Any CPU.ActiveCfg = Debug|Any CPU
		{22135A1B-BAD7-48E1-814B-492F2A685DAB}.Debug|Any CPU.Build.0 = Debug|Any CPU
		{22135A1B-BAD7-48E1-814B-492F2A685DAB}.Release|Any CPU.ActiveCfg = Release|Any CPU
		{22135A1B-BAD7-48E1-814B-492F2A685DAB}.Release|Any CPU.Build.0 = Release|Any CPU
	EndGlobalSection
	GlobalSection(SolutionProperties) = preSolution
		HideSolutionNode = FALSE
	EndGlobalSection
	GlobalSection(ExtensibilityGlobals) = postSolution
		SolutionGuid = {5538850F-A1DE-4AB5-B94C-41BF72CA0725}
	EndGlobalSection
EndGlobal
